
Microsoft Visual Studio Solution File, Format Version 12.00
# Visual Studio 15
VisualStudioVersion = 15.0.26124.0
MinimumVisualStudioVersion = 15.0.26124.0
Project("{FAE04EC0-301F-11D3-BF4B-00C04F79EFBC}") = "Fun", "Fun\Fun.csproj", "{83CA08C1-FE67-4793-B119-272B3A559995}"
EndProject
Project("{FAE04EC0-301F-11D3-BF4B-00C04F79EFBC}") = "MusicAlarm", "MusicAlarm\MusicAlarm.csproj", "{22992700-C42D-48E2-B40B-A7E120720DF8}"
EndProject
Project("{FAE04EC0-301F-11D3-BF4B-00C04F79EFBC}") = "TryingAzure", "TryingAzure\TryingAzure.csproj", "{06AB93AB-D994-4A90-B6CE-9323322D4DA1}"
EndProject
Global
	GlobalSection(SolutionConfigurationPlatforms) = preSolution
		Debug|Any CPU = Debug|Any CPU
		Debug|x64 = Debug|x64
		Debug|x86 = Debug|x86
		Release|Any CPU = Release|Any CPU
		Release|x64 = Release|x64
		Release|x86 = Release|x86
	EndGlobalSection
	GlobalSection(SolutionProperties) = preSolution
		HideSolutionNode = FALSE
	EndGlobalSection
	GlobalSection(ProjectConfigurationPlatforms) = postSolution
		{83CA08C1-FE67-4793-B119-272B3A559995}.Debug|Any CPU.ActiveCfg = Debug|Any CPU
		{83CA08C1-FE67-4793-B119-272B3A559995}.Debug|Any CPU.Build.0 = Debug|Any CPU
		{83CA08C1-FE67-4793-B119-272B3A559995}.Debug|x64.ActiveCfg = Debug|Any CPU
		{83CA08C1-FE67-4793-B119-272B3A559995}.Debug|x64.Build.0 = Debug|Any CPU
		{83CA08C1-FE67-4793-B119-272B3A559995}.Debug|x86.ActiveCfg = Debug|Any CPU
		{83CA08C1-FE67-4793-B119-272B3A559995}.Debug|x86.Build.0 = Debug|Any CPU
		{83CA08C1-FE67-4793-B119-272B3A559995}.Release|Any CPU.ActiveCfg = Release|Any CPU
		{83CA08C1-FE67-4793-B119-272B3A559995}.Release|Any CPU.Build.0 = Release|Any CPU
		{83CA08C1-FE67-4793-B119-272B3A559995}.Release|x64.ActiveCfg = Release|Any CPU
		{83CA08C1-FE67-4793-B119-272B3A559995}.Release|x64.Build.0 = Release|Any CPU
		{83CA08C1-FE67-4793-B119-272B3A559995}.Release|x86.ActiveCfg = Release|Any CPU
		{83CA08C1-FE67-4793-B119-272B3A559995}.Release|x86.Build.0 = Release|Any CPU
		{22992700-C42D-48E2-B40B-A7E120720DF8}.Debug|Any CPU.ActiveCfg = Debug|Any CPU
		{22992700-C42D-48E2-B40B-A7E120720DF8}.Debug|Any CPU.Build.0 = Debug|Any CPU
		{22992700-C42D-48E2-B40B-A7E120720DF8}.Debug|x64.ActiveCfg = Debug|Any CPU
		{22992700-C42D-48E2-B40B-A7E120720DF8}.Debug|x64.Build.0 = Debug|Any CPU
		{22992700-C42D-48E2-B40B-A7E120720DF8}.Debug|x86.ActiveCfg = Debug|Any CPU
		{22992700-C42D-48E2-B40B-A7E120720DF8}.Debug|x86.Build.0 = Debug|Any CPU
		{22992700-C42D-48E2-B40B-A7E120720DF8}.Release|Any CPU.ActiveCfg = Release|Any CPU
		{22992700-C42D-48E2-B40B-A7E120720DF8}.Release|Any CPU.Build.0 = Release|Any CPU
		{22992700-C42D-48E2-B40B-A7E120720DF8}.Release|x64.ActiveCfg = Release|Any CPU
		{22992700-C42D-48E2-B40B-A7E120720DF8}.Release|x64.Build.0 = Release|Any CPU
		{22992700-C42D-48E2-B40B-A7E120720DF8}.Release|x86.ActiveCfg = Release|Any CPU
		{22992700-C42D-48E2-B40B-A7E120720DF8}.Release|x86.Build.0 = Release|Any CPU
		{06AB93AB-D994-4A90-B6CE-9323322D4DA1}.Debug|Any CPU.ActiveCfg = Debug|Any CPU
		{06AB93AB-D994-4A90-B6CE-9323322D4DA1}.Debug|Any CPU.Build.0 = Debug|Any CPU
		{06AB93AB-D994-4A90-B6CE-9323322D4DA1}.Debug|x64.ActiveCfg = Debug|Any CPU
		{06AB93AB-D994-4A90-B6CE-9323322D4DA1}.Debug|x64.Build.0 = Debug|Any CPU
		{06AB93AB-D994-4A90-B6CE-9323322D4DA1}.Debug|x86.ActiveCfg = Debug|Any CPU
		{06AB93AB-D994-4A90-B6CE-9323322D4DA1}.Debug|x86.Build.0 = Debug|Any CPU
		{06AB93AB-D994-4A90-B6CE-9323322D4DA1}.Release|Any CPU.ActiveCfg = Release|Any CPU
		{06AB93AB-D994-4A90-B6CE-9323322D4DA1}.Release|Any CPU.Build.0 = Release|Any CPU
		{06AB93AB-D994-4A90-B6CE-9323322D4DA1}.Release|x64.ActiveCfg = Release|Any CPU
		{06AB93AB-D994-4A90-B6CE-9323322D4DA1}.Release|x64.Build.0 = Release|Any CPU
		{06AB93AB-D994-4A90-B6CE-9323322D4DA1}.Release|x86.ActiveCfg = Release|Any CPU
		{06AB93AB-D994-4A90-B6CE-9323322D4DA1}.Release|x86.Build.0 = Release|Any CPU
	EndGlobalSection
EndGlobal
